
Microsoft Visual Studio Solution File, Format Version 12.00
# Visual Studio Version 16
VisualStudioVersion = 16.0.30907.101
MinimumVisualStudioVersion = 10.0.40219.1
Project("{FAE04EC0-301F-11D3-BF4B-00C04F79EFBC}") = "Mqttsendjson", "Mqttsendjson.csproj", "{EE77975C-9F70-4723-A372-30BC334EF686}"
EndProject
Global
	GlobalSection(SolutionConfigurationPlatforms) = preSolution
		Debug|Any CPU = Debug|Any CPU
		Release|Any CPU = Release|Any CPU
	EndGlobalSection
	GlobalSection(ProjectConfigurationPlatforms) = postSolution
		{EE77975C-9F70-4723-A372-30BC334EF686}.Debug|Any CPU.ActiveCfg = Debug|Any CPU
		{EE77975C-9F70-4723-A372-30BC334EF686}.Debug|Any CPU.Build.0 = Debug|Any CPU
		{EE77975C-9F70-4723-A372-30BC334EF686}.Release|Any CPU.ActiveCfg = Release|Any CPU
		{EE77975C-9F70-4723-A372-30BC334EF686}.Release|Any CPU.Build.0 = Release|Any CPU
	EndGlobalSection
	GlobalSection(SolutionProperties) = preSolution
		HideSolutionNode = FALSE
	EndGlobalSection
	GlobalSection(ExtensibilityGlobals) = postSolution
		SolutionGuid = {75CCCB69-01B0-4836-8481-23CB8FF69FD5}
	EndGlobalSection
EndGlobal
